// !$*UTF8*$!
{
	archiveVersion = 1;
	classes = {
	};
	objectVersion = 46;
	objects = {

/* Begin PBXAggregateTarget section */
		539F912B16316D2D00160719 /* SDWebImageFramework */ = {
			isa = PBXAggregateTarget;
			buildConfigurationList = 539F912C16316D2D00160719 /* Build configuration list for PBXAggregateTarget "SDWebImageFramework" */;
			buildPhases = (
				539F913116316D7A00160719 /* Build Framework */,
			);
			dependencies = (
				539F913016316D3700160719 /* PBXTargetDependency */,
			);
			name = SDWebImageFramework;
			productName = SDWebImageFramework;
		};
/* End PBXAggregateTarget section */

/* Begin PBXBuildFile section */
		530E49E816464C25002868E7 /* SDWebImageOperation.h in Headers */ = {isa = PBXBuildFile; fileRef = 530E49E71646388E002868E7 /* SDWebImageOperation.h */; settings = {ATTRIBUTES = (Public, ); }; };
		530E49E916464C26002868E7 /* SDWebImageOperation.h in Headers */ = {isa = PBXBuildFile; fileRef = 530E49E71646388E002868E7 /* SDWebImageOperation.h */; settings = {ATTRIBUTES = (Public, ); }; };
		530E49EA16464C7C002868E7 /* SDWebImageDownloaderOperation.h in Headers */ = {isa = PBXBuildFile; fileRef = 530E49E316460AE2002868E7 /* SDWebImageDownloaderOperation.h */; settings = {ATTRIBUTES = (Public, ); }; };
		530E49EB16464C7F002868E7 /* SDWebImageDownloaderOperation.h in Headers */ = {isa = PBXBuildFile; fileRef = 530E49E316460AE2002868E7 /* SDWebImageDownloaderOperation.h */; settings = {ATTRIBUTES = (Public, ); }; };
		530E49EC16464C84002868E7 /* SDWebImageDownloaderOperation.m in Sources */ = {isa = PBXBuildFile; fileRef = 530E49E416460AE2002868E7 /* SDWebImageDownloaderOperation.m */; };
		530E49ED16464C84002868E7 /* SDWebImageDownloaderOperation.m in Sources */ = {isa = PBXBuildFile; fileRef = 530E49E416460AE2002868E7 /* SDWebImageDownloaderOperation.m */; };
		531041C4157EAFA400BBABC3 /* SDImageCache.m in Sources */ = {isa = PBXBuildFile; fileRef = 53922D86148C56230056699D /* SDImageCache.m */; };
		531041C5157EAFA400BBABC3 /* SDWebImageDecoder.m in Sources */ = {isa = PBXBuildFile; fileRef = 53922D8A148C56230056699D /* SDWebImageDecoder.m */; };
		531041C6157EAFA400BBABC3 /* SDWebImageDownloader.m in Sources */ = {isa = PBXBuildFile; fileRef = 53922D8C148C56230056699D /* SDWebImageDownloader.m */; };
		531041C7157EAFA400BBABC3 /* SDWebImageManager.m in Sources */ = {isa = PBXBuildFile; fileRef = 53922D8F148C56230056699D /* SDWebImageManager.m */; };
		531041C8157EAFA400BBABC3 /* SDWebImagePrefetcher.m in Sources */ = {isa = PBXBuildFile; fileRef = 53922D92148C56230056699D /* SDWebImagePrefetcher.m */; };
		531041C9157EAFA400BBABC3 /* UIButton+WebCache.m in Sources */ = {isa = PBXBuildFile; fileRef = 53922D94148C56230056699D /* UIButton+WebCache.m */; };
		531041CA157EAFA400BBABC3 /* UIImageView+WebCache.m in Sources */ = {isa = PBXBuildFile; fileRef = 53922D96148C56230056699D /* UIImageView+WebCache.m */; };
		531041CB157EAFA400BBABC3 /* MKAnnotationView+WebCache.m in Sources */ = {isa = PBXBuildFile; fileRef = 535699B515113E7300A4C397 /* MKAnnotationView+WebCache.m */; };
		531041CD157EAFA400BBABC3 /* UIKit.framework in Frameworks */ = {isa = PBXBuildFile; fileRef = 53FB894814D35E9E0020B787 /* UIKit.framework */; };
		531041CE157EAFA400BBABC3 /* Foundation.framework in Frameworks */ = {isa = PBXBuildFile; fileRef = 53922D72148C55820056699D /* Foundation.framework */; };
		531041CF157EAFA400BBABC3 /* CoreGraphics.framework in Frameworks */ = {isa = PBXBuildFile; fileRef = 53FB893F14D35D1A0020B787 /* CoreGraphics.framework */; };
		531041D1157EAFA400BBABC3 /* SDImageCache.h in Headers */ = {isa = PBXBuildFile; fileRef = 53922D85148C56230056699D /* SDImageCache.h */; settings = {ATTRIBUTES = (Public, ); }; };
		531041D3157EAFA400BBABC3 /* SDWebImageCompat.h in Headers */ = {isa = PBXBuildFile; fileRef = 53922D88148C56230056699D /* SDWebImageCompat.h */; settings = {ATTRIBUTES = (Public, ); }; };
		531041D4157EAFA400BBABC3 /* SDWebImageDecoder.h in Headers */ = {isa = PBXBuildFile; fileRef = 53922D89148C56230056699D /* SDWebImageDecoder.h */; settings = {ATTRIBUTES = (Public, ); }; };
		531041D5157EAFA400BBABC3 /* SDWebImageDownloader.h in Headers */ = {isa = PBXBuildFile; fileRef = 53922D8B148C56230056699D /* SDWebImageDownloader.h */; settings = {ATTRIBUTES = (Public, ); }; };
		531041D7157EAFA400BBABC3 /* SDWebImageManager.h in Headers */ = {isa = PBXBuildFile; fileRef = 53922D8E148C56230056699D /* SDWebImageManager.h */; settings = {ATTRIBUTES = (Public, ); }; };
		531041D9157EAFA400BBABC3 /* SDWebImagePrefetcher.h in Headers */ = {isa = PBXBuildFile; fileRef = 53922D91148C56230056699D /* SDWebImagePrefetcher.h */; settings = {ATTRIBUTES = (Public, ); }; };
		531041DA157EAFA400BBABC3 /* UIButton+WebCache.h in Headers */ = {isa = PBXBuildFile; fileRef = 53922D93148C56230056699D /* UIButton+WebCache.h */; settings = {ATTRIBUTES = (Public, ); }; };
		531041DB157EAFA400BBABC3 /* UIImageView+WebCache.h in Headers */ = {isa = PBXBuildFile; fileRef = 53922D95148C56230056699D /* UIImageView+WebCache.h */; settings = {ATTRIBUTES = (Public, ); }; };
		531041DC157EAFA400BBABC3 /* MKAnnotationView+WebCache.h in Headers */ = {isa = PBXBuildFile; fileRef = 535699B415113E7300A4C397 /* MKAnnotationView+WebCache.h */; settings = {ATTRIBUTES = (Public, ); }; };
		53406750167780C40042B59E /* SDWebImageCompat.m in Sources */ = {isa = PBXBuildFile; fileRef = 5340674F167780C40042B59E /* SDWebImageCompat.m */; };
		53761309155AD0D5005750A4 /* SDImageCache.m in Sources */ = {isa = PBXBuildFile; fileRef = 53922D86148C56230056699D /* SDImageCache.m */; };
		5376130A155AD0D5005750A4 /* SDWebImageDecoder.m in Sources */ = {isa = PBXBuildFile; fileRef = 53922D8A148C56230056699D /* SDWebImageDecoder.m */; };
		5376130B155AD0D5005750A4 /* SDWebImageDownloader.m in Sources */ = {isa = PBXBuildFile; fileRef = 53922D8C148C56230056699D /* SDWebImageDownloader.m */; };
		5376130C155AD0D5005750A4 /* SDWebImageManager.m in Sources */ = {isa = PBXBuildFile; fileRef = 53922D8F148C56230056699D /* SDWebImageManager.m */; };
		5376130D155AD0D5005750A4 /* SDWebImagePrefetcher.m in Sources */ = {isa = PBXBuildFile; fileRef = 53922D92148C56230056699D /* SDWebImagePrefetcher.m */; };
		5376130E155AD0D5005750A4 /* UIButton+WebCache.m in Sources */ = {isa = PBXBuildFile; fileRef = 53922D94148C56230056699D /* UIButton+WebCache.m */; };
		5376130F155AD0D5005750A4 /* UIImageView+WebCache.m in Sources */ = {isa = PBXBuildFile; fileRef = 53922D96148C56230056699D /* UIImageView+WebCache.m */; };
		53761312155AD0D5005750A4 /* UIKit.framework in Frameworks */ = {isa = PBXBuildFile; fileRef = 53FB894814D35E9E0020B787 /* UIKit.framework */; };
		53761313155AD0D5005750A4 /* Foundation.framework in Frameworks */ = {isa = PBXBuildFile; fileRef = 53922D72148C55820056699D /* Foundation.framework */; };
		53761314155AD0D5005750A4 /* CoreGraphics.framework in Frameworks */ = {isa = PBXBuildFile; fileRef = 53FB893F14D35D1A0020B787 /* CoreGraphics.framework */; };
		53761316155AD0D5005750A4 /* SDImageCache.h in Headers */ = {isa = PBXBuildFile; fileRef = 53922D85148C56230056699D /* SDImageCache.h */; settings = {ATTRIBUTES = (Public, ); }; };
		53761318155AD0D5005750A4 /* SDWebImageCompat.h in Headers */ = {isa = PBXBuildFile; fileRef = 53922D88148C56230056699D /* SDWebImageCompat.h */; settings = {ATTRIBUTES = (Public, ); }; };
		53761319155AD0D5005750A4 /* SDWebImageDecoder.h in Headers */ = {isa = PBXBuildFile; fileRef = 53922D89148C56230056699D /* SDWebImageDecoder.h */; settings = {ATTRIBUTES = (Public, ); }; };
		5376131A155AD0D5005750A4 /* SDWebImageDownloader.h in Headers */ = {isa = PBXBuildFile; fileRef = 53922D8B148C56230056699D /* SDWebImageDownloader.h */; settings = {ATTRIBUTES = (Public, ); }; };
		5376131C155AD0D5005750A4 /* SDWebImageManager.h in Headers */ = {isa = PBXBuildFile; fileRef = 53922D8E148C56230056699D /* SDWebImageManager.h */; settings = {ATTRIBUTES = (Public, ); }; };
		5376131E155AD0D5005750A4 /* SDWebImagePrefetcher.h in Headers */ = {isa = PBXBuildFile; fileRef = 53922D91148C56230056699D /* SDWebImagePrefetcher.h */; settings = {ATTRIBUTES = (Public, ); }; };
		5376131F155AD0D5005750A4 /* UIButton+WebCache.h in Headers */ = {isa = PBXBuildFile; fileRef = 53922D93148C56230056699D /* UIButton+WebCache.h */; settings = {ATTRIBUTES = (Public, ); }; };
		53761320155AD0D5005750A4 /* UIImageView+WebCache.h in Headers */ = {isa = PBXBuildFile; fileRef = 53922D95148C56230056699D /* UIImageView+WebCache.h */; settings = {ATTRIBUTES = (Public, ); }; };
		53EDFB8A17623F7C00698166 /* UIImage+MultiFormat.h in Headers */ = {isa = PBXBuildFile; fileRef = 53EDFB8817623F7C00698166 /* UIImage+MultiFormat.h */; };
		53EDFB8B17623F7C00698166 /* UIImage+MultiFormat.h in Headers */ = {isa = PBXBuildFile; fileRef = 53EDFB8817623F7C00698166 /* UIImage+MultiFormat.h */; };
		53EDFB8C17623F7C00698166 /* UIImage+MultiFormat.m in Sources */ = {isa = PBXBuildFile; fileRef = 53EDFB8917623F7C00698166 /* UIImage+MultiFormat.m */; };
		53EDFB8D17623F7C00698166 /* UIImage+MultiFormat.m in Sources */ = {isa = PBXBuildFile; fileRef = 53EDFB8917623F7C00698166 /* UIImage+MultiFormat.m */; };
		53EDFB931762547D00698166 /* UIImage+WebP.h in Headers */ = {isa = PBXBuildFile; fileRef = 53EDFB911762547C00698166 /* UIImage+WebP.h */; };
		53EDFB941762547D00698166 /* UIImage+WebP.h in Headers */ = {isa = PBXBuildFile; fileRef = 53EDFB911762547C00698166 /* UIImage+WebP.h */; };
		53EDFB951762547D00698166 /* UIImage+WebP.m in Sources */ = {isa = PBXBuildFile; fileRef = 53EDFB921762547C00698166 /* UIImage+WebP.m */; };
		53EDFB961762547D00698166 /* UIImage+WebP.m in Sources */ = {isa = PBXBuildFile; fileRef = 53EDFB921762547C00698166 /* UIImage+WebP.m */; };
		53EDFC9217625BE300698166 /* webpi.h in Headers */ = {isa = PBXBuildFile; fileRef = 53EDFC9017625BE300698166 /* webpi.h */; };
		53EDFC9317625BE300698166 /* webpi.h in Headers */ = {isa = PBXBuildFile; fileRef = 53EDFC9017625BE300698166 /* webpi.h */; };
		53EDFC9417625BE300698166 /* webp.c in Sources */ = {isa = PBXBuildFile; fileRef = 53EDFC9117625BE300698166 /* webp.c */; };
		53EDFC9517625BE300698166 /* webp.c in Sources */ = {isa = PBXBuildFile; fileRef = 53EDFC9117625BE300698166 /* webp.c */; };
		53EDFC9A17625C1100698166 /* vp8li.h in Headers */ = {isa = PBXBuildFile; fileRef = 53EDFC9617625C1100698166 /* vp8li.h */; };
		53EDFC9B17625C1100698166 /* vp8li.h in Headers */ = {isa = PBXBuildFile; fileRef = 53EDFC9617625C1100698166 /* vp8li.h */; };
		53EDFC9C17625C1100698166 /* vp8l.c in Sources */ = {isa = PBXBuildFile; fileRef = 53EDFC9717625C1100698166 /* vp8l.c */; };
		53EDFC9D17625C1100698166 /* vp8l.c in Sources */ = {isa = PBXBuildFile; fileRef = 53EDFC9717625C1100698166 /* vp8l.c */; };
		53EDFC9E17625C1100698166 /* vp8i.h in Headers */ = {isa = PBXBuildFile; fileRef = 53EDFC9817625C1100698166 /* vp8i.h */; };
		53EDFC9F17625C1100698166 /* vp8i.h in Headers */ = {isa = PBXBuildFile; fileRef = 53EDFC9817625C1100698166 /* vp8i.h */; };
		53EDFCA017625C1100698166 /* vp8.c in Sources */ = {isa = PBXBuildFile; fileRef = 53EDFC9917625C1100698166 /* vp8.c */; };
		53EDFCA117625C1100698166 /* vp8.c in Sources */ = {isa = PBXBuildFile; fileRef = 53EDFC9917625C1100698166 /* vp8.c */; };
		53EDFCA617625C5B00698166 /* huffman.h in Headers */ = {isa = PBXBuildFile; fileRef = 53EDFCA417625C5B00698166 /* huffman.h */; };
		53EDFCA717625C5B00698166 /* huffman.h in Headers */ = {isa = PBXBuildFile; fileRef = 53EDFCA417625C5B00698166 /* huffman.h */; };
		53EDFCA817625C5B00698166 /* huffman.c in Sources */ = {isa = PBXBuildFile; fileRef = 53EDFCA517625C5B00698166 /* huffman.c */; };
		53EDFCA917625C5B00698166 /* huffman.c in Sources */ = {isa = PBXBuildFile; fileRef = 53EDFCA517625C5B00698166 /* huffman.c */; };
		53EDFCAB17625C8700698166 /* frame.c in Sources */ = {isa = PBXBuildFile; fileRef = 53EDFCAA17625C8700698166 /* frame.c */; };
		53EDFCAC17625C8700698166 /* frame.c in Sources */ = {isa = PBXBuildFile; fileRef = 53EDFCAA17625C8700698166 /* frame.c */; };
		53EDFCAE17625CA600698166 /* alpha.c in Sources */ = {isa = PBXBuildFile; fileRef = 53EDFCAD17625CA600698166 /* alpha.c */; };
		53EDFCAF17625CA600698166 /* alpha.c in Sources */ = {isa = PBXBuildFile; fileRef = 53EDFCAD17625CA600698166 /* alpha.c */; };
		53EDFCB217625CD800698166 /* quant_levels_dec.h in Headers */ = {isa = PBXBuildFile; fileRef = 53EDFCB017625CD800698166 /* quant_levels_dec.h */; };
		53EDFCB317625CD800698166 /* quant_levels_dec.h in Headers */ = {isa = PBXBuildFile; fileRef = 53EDFCB017625CD800698166 /* quant_levels_dec.h */; };
		53EDFCB417625CD800698166 /* quant_levels_dec.c in Sources */ = {isa = PBXBuildFile; fileRef = 53EDFCB117625CD800698166 /* quant_levels_dec.c */; };
		53EDFCB517625CD800698166 /* quant_levels_dec.c in Sources */ = {isa = PBXBuildFile; fileRef = 53EDFCB117625CD800698166 /* quant_levels_dec.c */; };
		53EDFCB917625D1900698166 /* dsp.h in Headers */ = {isa = PBXBuildFile; fileRef = 53EDFCB717625D1900698166 /* dsp.h */; };
		53EDFCBA17625D1900698166 /* dsp.h in Headers */ = {isa = PBXBuildFile; fileRef = 53EDFCB717625D1900698166 /* dsp.h */; };
		53EDFCBB17625D1900698166 /* dec.c in Sources */ = {isa = PBXBuildFile; fileRef = 53EDFCB817625D1900698166 /* dec.c */; };
		53EDFCBC17625D1900698166 /* dec.c in Sources */ = {isa = PBXBuildFile; fileRef = 53EDFCB817625D1900698166 /* dec.c */; };
		53EDFCBE17625D3F00698166 /* dec_sse2.c in Sources */ = {isa = PBXBuildFile; fileRef = 53EDFCBD17625D3F00698166 /* dec_sse2.c */; };
		53EDFCBF17625D3F00698166 /* dec_sse2.c in Sources */ = {isa = PBXBuildFile; fileRef = 53EDFCBD17625D3F00698166 /* dec_sse2.c */; };
		53EDFCC117625D8400698166 /* cpu.c in Sources */ = {isa = PBXBuildFile; fileRef = 53EDFCC017625D8400698166 /* cpu.c */; };
		53EDFCC217625D8400698166 /* cpu.c in Sources */ = {isa = PBXBuildFile; fileRef = 53EDFCC017625D8400698166 /* cpu.c */; };
		53EDFCC517625DB200698166 /* bit_reader.h in Headers */ = {isa = PBXBuildFile; fileRef = 53EDFCC317625DB200698166 /* bit_reader.h */; };
		53EDFCC617625DB200698166 /* bit_reader.h in Headers */ = {isa = PBXBuildFile; fileRef = 53EDFCC317625DB200698166 /* bit_reader.h */; };
		53EDFCC717625DB200698166 /* bit_reader.c in Sources */ = {isa = PBXBuildFile; fileRef = 53EDFCC417625DB200698166 /* bit_reader.c */; };
		53EDFCC817625DB200698166 /* bit_reader.c in Sources */ = {isa = PBXBuildFile; fileRef = 53EDFCC417625DB200698166 /* bit_reader.c */; };
		53EDFCCB17625DD700698166 /* color_cache.h in Headers */ = {isa = PBXBuildFile; fileRef = 53EDFCC917625DD700698166 /* color_cache.h */; };
		53EDFCCC17625DD700698166 /* color_cache.h in Headers */ = {isa = PBXBuildFile; fileRef = 53EDFCC917625DD700698166 /* color_cache.h */; };
		53EDFCCD17625DD700698166 /* color_cache.c in Sources */ = {isa = PBXBuildFile; fileRef = 53EDFCCA17625DD700698166 /* color_cache.c */; };
		53EDFCCE17625DD700698166 /* color_cache.c in Sources */ = {isa = PBXBuildFile; fileRef = 53EDFCCA17625DD700698166 /* color_cache.c */; };
		53EDFCD117625DFA00698166 /* lossless.h in Headers */ = {isa = PBXBuildFile; fileRef = 53EDFCCF17625DFA00698166 /* lossless.h */; };
		53EDFCD217625DFA00698166 /* lossless.h in Headers */ = {isa = PBXBuildFile; fileRef = 53EDFCCF17625DFA00698166 /* lossless.h */; };
		53EDFCD317625DFA00698166 /* lossless.c in Sources */ = {isa = PBXBuildFile; fileRef = 53EDFCD017625DFA00698166 /* lossless.c */; };
		53EDFCD417625DFA00698166 /* lossless.c in Sources */ = {isa = PBXBuildFile; fileRef = 53EDFCD017625DFA00698166 /* lossless.c */; };
		53EDFCD617625E1A00698166 /* tree.c in Sources */ = {isa = PBXBuildFile; fileRef = 53EDFCD517625E1A00698166 /* tree.c */; };
		53EDFCD717625E1A00698166 /* tree.c in Sources */ = {isa = PBXBuildFile; fileRef = 53EDFCD517625E1A00698166 /* tree.c */; };
		53EDFCD917625E3000698166 /* quant.c in Sources */ = {isa = PBXBuildFile; fileRef = 53EDFCD817625E3000698166 /* quant.c */; };
		53EDFCDA17625E3000698166 /* quant.c in Sources */ = {isa = PBXBuildFile; fileRef = 53EDFCD817625E3000698166 /* quant.c */; };
		53EDFCDC17625E6000698166 /* buffer.c in Sources */ = {isa = PBXBuildFile; fileRef = 53EDFCDB17625E6000698166 /* buffer.c */; };
		53EDFCDD17625E6000698166 /* buffer.c in Sources */ = {isa = PBXBuildFile; fileRef = 53EDFCDB17625E6000698166 /* buffer.c */; };
		53EDFCDF17625E8D00698166 /* upsampling.c in Sources */ = {isa = PBXBuildFile; fileRef = 53EDFCDE17625E8D00698166 /* upsampling.c */; };
		53EDFCE017625E8D00698166 /* upsampling.c in Sources */ = {isa = PBXBuildFile; fileRef = 53EDFCDE17625E8D00698166 /* upsampling.c */; };
		53EDFCE317625EB100698166 /* yuv.h in Headers */ = {isa = PBXBuildFile; fileRef = 53EDFCE117625EB100698166 /* yuv.h */; };
		53EDFCE417625EB100698166 /* yuv.h in Headers */ = {isa = PBXBuildFile; fileRef = 53EDFCE117625EB100698166 /* yuv.h */; };
		53EDFCE517625EB100698166 /* yuv.c in Sources */ = {isa = PBXBuildFile; fileRef = 53EDFCE217625EB100698166 /* yuv.c */; };
		53EDFCE617625EB100698166 /* yuv.c in Sources */ = {isa = PBXBuildFile; fileRef = 53EDFCE217625EB100698166 /* yuv.c */; };
		53EDFCE817625EC800698166 /* io.c in Sources */ = {isa = PBXBuildFile; fileRef = 53EDFCE717625EC800698166 /* io.c */; };
		53EDFCE917625EC800698166 /* io.c in Sources */ = {isa = PBXBuildFile; fileRef = 53EDFCE717625EC800698166 /* io.c */; };
		53EDFCEB17625EE200698166 /* upsampling_sse2.c in Sources */ = {isa = PBXBuildFile; fileRef = 53EDFCEA17625EE200698166 /* upsampling_sse2.c */; };
		53EDFCEC17625EE200698166 /* upsampling_sse2.c in Sources */ = {isa = PBXBuildFile; fileRef = 53EDFCEA17625EE200698166 /* upsampling_sse2.c */; };
		53EDFCEF17625F1D00698166 /* rescaler.h in Headers */ = {isa = PBXBuildFile; fileRef = 53EDFCED17625F1D00698166 /* rescaler.h */; };
		53EDFCF017625F1D00698166 /* rescaler.h in Headers */ = {isa = PBXBuildFile; fileRef = 53EDFCED17625F1D00698166 /* rescaler.h */; };
		53EDFCF117625F1D00698166 /* rescaler.c in Sources */ = {isa = PBXBuildFile; fileRef = 53EDFCEE17625F1D00698166 /* rescaler.c */; };
		53EDFCF217625F1D00698166 /* rescaler.c in Sources */ = {isa = PBXBuildFile; fileRef = 53EDFCEE17625F1D00698166 /* rescaler.c */; };
		53EDFCF517625F4100698166 /* utils.h in Headers */ = {isa = PBXBuildFile; fileRef = 53EDFCF317625F4100698166 /* utils.h */; };
		53EDFCF617625F4100698166 /* utils.h in Headers */ = {isa = PBXBuildFile; fileRef = 53EDFCF317625F4100698166 /* utils.h */; };
		53EDFCF717625F4100698166 /* utils.c in Sources */ = {isa = PBXBuildFile; fileRef = 53EDFCF417625F4100698166 /* utils.c */; };
		53EDFCF817625F4100698166 /* utils.c in Sources */ = {isa = PBXBuildFile; fileRef = 53EDFCF417625F4100698166 /* utils.c */; };
		53EDFCFB17625F5F00698166 /* filters.h in Headers */ = {isa = PBXBuildFile; fileRef = 53EDFCF917625F5F00698166 /* filters.h */; };
		53EDFCFC17625F5F00698166 /* filters.h in Headers */ = {isa = PBXBuildFile; fileRef = 53EDFCF917625F5F00698166 /* filters.h */; };
		53EDFCFD17625F5F00698166 /* filters.c in Sources */ = {isa = PBXBuildFile; fileRef = 53EDFCFA17625F5F00698166 /* filters.c */; };
		53EDFCFE17625F5F00698166 /* filters.c in Sources */ = {isa = PBXBuildFile; fileRef = 53EDFCFA17625F5F00698166 /* filters.c */; };
		53EDFD0117625F7900698166 /* thread.h in Headers */ = {isa = PBXBuildFile; fileRef = 53EDFCFF17625F7900698166 /* thread.h */; };
		53EDFD0217625F7900698166 /* thread.h in Headers */ = {isa = PBXBuildFile; fileRef = 53EDFCFF17625F7900698166 /* thread.h */; };
		53EDFD0317625F7900698166 /* thread.c in Sources */ = {isa = PBXBuildFile; fileRef = 53EDFD0017625F7900698166 /* thread.c */; };
		53EDFD0417625F7900698166 /* thread.c in Sources */ = {isa = PBXBuildFile; fileRef = 53EDFD0017625F7900698166 /* thread.c */; };
		A18A6CC7172DC28500419892 /* UIImage+GIF.h in Headers */ = {isa = PBXBuildFile; fileRef = A18A6CC5172DC28500419892 /* UIImage+GIF.h */; };
		A18A6CC8172DC28500419892 /* UIImage+GIF.h in Headers */ = {isa = PBXBuildFile; fileRef = A18A6CC5172DC28500419892 /* UIImage+GIF.h */; };
		A18A6CC9172DC28500419892 /* UIImage+GIF.m in Sources */ = {isa = PBXBuildFile; fileRef = A18A6CC6172DC28500419892 /* UIImage+GIF.m */; };
		A18A6CCA172DC28500419892 /* UIImage+GIF.m in Sources */ = {isa = PBXBuildFile; fileRef = A18A6CC6172DC28500419892 /* UIImage+GIF.m */; };
		A18A6CCD172DC33A00419892 /* NSData+GIF.h in Headers */ = {isa = PBXBuildFile; fileRef = A18A6CCB172DC33A00419892 /* NSData+GIF.h */; };
		A18A6CCE172DC33A00419892 /* NSData+GIF.h in Headers */ = {isa = PBXBuildFile; fileRef = A18A6CCB172DC33A00419892 /* NSData+GIF.h */; };
		A18A6CCF172DC33A00419892 /* NSData+GIF.m in Sources */ = {isa = PBXBuildFile; fileRef = A18A6CCC172DC33A00419892 /* NSData+GIF.m */; };
		A18A6CD0172DC33A00419892 /* NSData+GIF.m in Sources */ = {isa = PBXBuildFile; fileRef = A18A6CCC172DC33A00419892 /* NSData+GIF.m */; };
/* End PBXBuildFile section */

/* Begin PBXContainerItemProxy section */
		539F912F16316D3700160719 /* PBXContainerItemProxy */ = {
			isa = PBXContainerItemProxy;
			containerPortal = 53922D66148C55810056699D /* Project object */;
			proxyType = 1;
			remoteGlobalIDString = 53761307155AD0D5005750A4;
			remoteInfo = "SDWebImage ARC";
		};
/* End PBXContainerItemProxy section */

/* Begin PBXFileReference section */
		530E49E316460AE2002868E7 /* SDWebImageDownloaderOperation.h */ = {isa = PBXFileReference; fileEncoding = 4; lastKnownFileType = sourcecode.c.h; path = SDWebImageDownloaderOperation.h; sourceTree = "<group>"; };
		530E49E416460AE2002868E7 /* SDWebImageDownloaderOperation.m */ = {isa = PBXFileReference; fileEncoding = 4; lastKnownFileType = sourcecode.c.objc; path = SDWebImageDownloaderOperation.m; sourceTree = "<group>"; };
		530E49E71646388E002868E7 /* SDWebImageOperation.h */ = {isa = PBXFileReference; lastKnownFileType = sourcecode.c.h; path = SDWebImageOperation.h; sourceTree = "<group>"; };
		531041E0157EAFA400BBABC3 /* libSDWebImage+MKAnnotation.a */ = {isa = PBXFileReference; explicitFileType = archive.ar; includeInIndex = 0; path = "libSDWebImage+MKAnnotation.a"; sourceTree = BUILT_PRODUCTS_DIR; };
		5340674F167780C40042B59E /* SDWebImageCompat.m */ = {isa = PBXFileReference; fileEncoding = 4; lastKnownFileType = sourcecode.c.objc; path = SDWebImageCompat.m; sourceTree = "<group>"; };
		535699B415113E7300A4C397 /* MKAnnotationView+WebCache.h */ = {isa = PBXFileReference; fileEncoding = 4; lastKnownFileType = sourcecode.c.h; name = "MKAnnotationView+WebCache.h"; path = "SDWebImage/MKAnnotationView+WebCache.h"; sourceTree = SOURCE_ROOT; };
		535699B515113E7300A4C397 /* MKAnnotationView+WebCache.m */ = {isa = PBXFileReference; fileEncoding = 4; lastKnownFileType = sourcecode.c.objc; name = "MKAnnotationView+WebCache.m"; path = "SDWebImage/MKAnnotationView+WebCache.m"; sourceTree = SOURCE_ROOT; };
		53761325155AD0D5005750A4 /* libSDWebImage.a */ = {isa = PBXFileReference; explicitFileType = archive.ar; includeInIndex = 0; path = libSDWebImage.a; sourceTree = BUILT_PRODUCTS_DIR; };
		53922D72148C55820056699D /* Foundation.framework */ = {isa = PBXFileReference; lastKnownFileType = wrapper.framework; name = Foundation.framework; path = System/Library/Frameworks/Foundation.framework; sourceTree = SDKROOT; };
		53922D85148C56230056699D /* SDImageCache.h */ = {isa = PBXFileReference; fileEncoding = 4; lastKnownFileType = sourcecode.c.h; name = SDImageCache.h; path = SDWebImage/SDImageCache.h; sourceTree = SOURCE_ROOT; };
		53922D86148C56230056699D /* SDImageCache.m */ = {isa = PBXFileReference; fileEncoding = 4; lastKnownFileType = sourcecode.c.objc; name = SDImageCache.m; path = SDWebImage/SDImageCache.m; sourceTree = SOURCE_ROOT; };
		53922D88148C56230056699D /* SDWebImageCompat.h */ = {isa = PBXFileReference; fileEncoding = 4; lastKnownFileType = sourcecode.c.h; name = SDWebImageCompat.h; path = SDWebImage/SDWebImageCompat.h; sourceTree = SOURCE_ROOT; };
		53922D89148C56230056699D /* SDWebImageDecoder.h */ = {isa = PBXFileReference; fileEncoding = 4; lastKnownFileType = sourcecode.c.h; name = SDWebImageDecoder.h; path = SDWebImage/SDWebImageDecoder.h; sourceTree = SOURCE_ROOT; };
		53922D8A148C56230056699D /* SDWebImageDecoder.m */ = {isa = PBXFileReference; fileEncoding = 4; lastKnownFileType = sourcecode.c.objc; name = SDWebImageDecoder.m; path = SDWebImage/SDWebImageDecoder.m; sourceTree = SOURCE_ROOT; };
		53922D8B148C56230056699D /* SDWebImageDownloader.h */ = {isa = PBXFileReference; fileEncoding = 4; lastKnownFileType = sourcecode.c.h; name = SDWebImageDownloader.h; path = SDWebImage/SDWebImageDownloader.h; sourceTree = SOURCE_ROOT; };
		53922D8C148C56230056699D /* SDWebImageDownloader.m */ = {isa = PBXFileReference; fileEncoding = 4; lastKnownFileType = sourcecode.c.objc; name = SDWebImageDownloader.m; path = SDWebImage/SDWebImageDownloader.m; sourceTree = SOURCE_ROOT; };
		53922D8E148C56230056699D /* SDWebImageManager.h */ = {isa = PBXFileReference; fileEncoding = 4; lastKnownFileType = sourcecode.c.h; name = SDWebImageManager.h; path = SDWebImage/SDWebImageManager.h; sourceTree = SOURCE_ROOT; };
		53922D8F148C56230056699D /* SDWebImageManager.m */ = {isa = PBXFileReference; fileEncoding = 4; lastKnownFileType = sourcecode.c.objc; name = SDWebImageManager.m; path = SDWebImage/SDWebImageManager.m; sourceTree = SOURCE_ROOT; };
		53922D91148C56230056699D /* SDWebImagePrefetcher.h */ = {isa = PBXFileReference; fileEncoding = 4; lastKnownFileType = sourcecode.c.h; name = SDWebImagePrefetcher.h; path = SDWebImage/SDWebImagePrefetcher.h; sourceTree = SOURCE_ROOT; };
		53922D92148C56230056699D /* SDWebImagePrefetcher.m */ = {isa = PBXFileReference; fileEncoding = 4; lastKnownFileType = sourcecode.c.objc; name = SDWebImagePrefetcher.m; path = SDWebImage/SDWebImagePrefetcher.m; sourceTree = SOURCE_ROOT; };
		53922D93148C56230056699D /* UIButton+WebCache.h */ = {isa = PBXFileReference; fileEncoding = 4; lastKnownFileType = sourcecode.c.h; name = "UIButton+WebCache.h"; path = "SDWebImage/UIButton+WebCache.h"; sourceTree = SOURCE_ROOT; };
		53922D94148C56230056699D /* UIButton+WebCache.m */ = {isa = PBXFileReference; fileEncoding = 4; lastKnownFileType = sourcecode.c.objc; name = "UIButton+WebCache.m"; path = "SDWebImage/UIButton+WebCache.m"; sourceTree = SOURCE_ROOT; };
		53922D95148C56230056699D /* UIImageView+WebCache.h */ = {isa = PBXFileReference; fileEncoding = 4; lastKnownFileType = sourcecode.c.h; name = "UIImageView+WebCache.h"; path = "SDWebImage/UIImageView+WebCache.h"; sourceTree = SOURCE_ROOT; };
		53922D96148C56230056699D /* UIImageView+WebCache.m */ = {isa = PBXFileReference; fileEncoding = 4; lastKnownFileType = sourcecode.c.objc; name = "UIImageView+WebCache.m"; path = "SDWebImage/UIImageView+WebCache.m"; sourceTree = SOURCE_ROOT; };
		53EDFB8817623F7C00698166 /* UIImage+MultiFormat.h */ = {isa = PBXFileReference; fileEncoding = 4; lastKnownFileType = sourcecode.c.h; path = "UIImage+MultiFormat.h"; sourceTree = "<group>"; };
		53EDFB8917623F7C00698166 /* UIImage+MultiFormat.m */ = {isa = PBXFileReference; fileEncoding = 4; lastKnownFileType = sourcecode.c.objc; path = "UIImage+MultiFormat.m"; sourceTree = "<group>"; };
		53EDFB911762547C00698166 /* UIImage+WebP.h */ = {isa = PBXFileReference; fileEncoding = 4; lastKnownFileType = sourcecode.c.h; path = "UIImage+WebP.h"; sourceTree = "<group>"; };
		53EDFB921762547C00698166 /* UIImage+WebP.m */ = {isa = PBXFileReference; fileEncoding = 4; lastKnownFileType = sourcecode.c.objc; path = "UIImage+WebP.m"; sourceTree = "<group>"; };
		53EDFC9017625BE300698166 /* webpi.h */ = {isa = PBXFileReference; fileEncoding = 4; lastKnownFileType = sourcecode.c.h; name = webpi.h; path = Vendors/libwebp/src/dec/webpi.h; sourceTree = "<group>"; };
		53EDFC9117625BE300698166 /* webp.c */ = {isa = PBXFileReference; fileEncoding = 4; lastKnownFileType = sourcecode.c.c; name = webp.c; path = Vendors/libwebp/src/dec/webp.c; sourceTree = "<group>"; };
		53EDFC9617625C1100698166 /* vp8li.h */ = {isa = PBXFileReference; fileEncoding = 4; lastKnownFileType = sourcecode.c.h; name = vp8li.h; path = Vendors/libwebp/src/dec/vp8li.h; sourceTree = "<group>"; };
		53EDFC9717625C1100698166 /* vp8l.c */ = {isa = PBXFileReference; fileEncoding = 4; lastKnownFileType = sourcecode.c.c; name = vp8l.c; path = Vendors/libwebp/src/dec/vp8l.c; sourceTree = "<group>"; };
		53EDFC9817625C1100698166 /* vp8i.h */ = {isa = PBXFileReference; fileEncoding = 4; lastKnownFileType = sourcecode.c.h; name = vp8i.h; path = Vendors/libwebp/src/dec/vp8i.h; sourceTree = "<group>"; };
		53EDFC9917625C1100698166 /* vp8.c */ = {isa = PBXFileReference; fileEncoding = 4; lastKnownFileType = sourcecode.c.c; name = vp8.c; path = Vendors/libwebp/src/dec/vp8.c; sourceTree = "<group>"; };
		53EDFCA417625C5B00698166 /* huffman.h */ = {isa = PBXFileReference; fileEncoding = 4; lastKnownFileType = sourcecode.c.h; name = huffman.h; path = Vendors/libwebp/src/utils/huffman.h; sourceTree = "<group>"; };
		53EDFCA517625C5B00698166 /* huffman.c */ = {isa = PBXFileReference; fileEncoding = 4; lastKnownFileType = sourcecode.c.c; name = huffman.c; path = Vendors/libwebp/src/utils/huffman.c; sourceTree = "<group>"; };
		53EDFCAA17625C8700698166 /* frame.c */ = {isa = PBXFileReference; fileEncoding = 4; lastKnownFileType = sourcecode.c.c; name = frame.c; path = Vendors/libwebp/src/dec/frame.c; sourceTree = "<group>"; };
		53EDFCAD17625CA600698166 /* alpha.c */ = {isa = PBXFileReference; fileEncoding = 4; lastKnownFileType = sourcecode.c.c; name = alpha.c; path = Vendors/libwebp/src/dec/alpha.c; sourceTree = "<group>"; };
		53EDFCB017625CD800698166 /* quant_levels_dec.h */ = {isa = PBXFileReference; fileEncoding = 4; lastKnownFileType = sourcecode.c.h; name = quant_levels_dec.h; path = Vendors/libwebp/src/utils/quant_levels_dec.h; sourceTree = "<group>"; };
		53EDFCB117625CD800698166 /* quant_levels_dec.c */ = {isa = PBXFileReference; fileEncoding = 4; lastKnownFileType = sourcecode.c.c; name = quant_levels_dec.c; path = Vendors/libwebp/src/utils/quant_levels_dec.c; sourceTree = "<group>"; };
		53EDFCB717625D1900698166 /* dsp.h */ = {isa = PBXFileReference; fileEncoding = 4; lastKnownFileType = sourcecode.c.h; name = dsp.h; path = Vendors/libwebp/src/dsp/dsp.h; sourceTree = "<group>"; };
		53EDFCB817625D1900698166 /* dec.c */ = {isa = PBXFileReference; fileEncoding = 4; lastKnownFileType = sourcecode.c.c; name = dec.c; path = Vendors/libwebp/src/dsp/dec.c; sourceTree = "<group>"; };
		53EDFCBD17625D3F00698166 /* dec_sse2.c */ = {isa = PBXFileReference; fileEncoding = 4; lastKnownFileType = sourcecode.c.c; name = dec_sse2.c; path = Vendors/libwebp/src/dsp/dec_sse2.c; sourceTree = "<group>"; };
		53EDFCC017625D8400698166 /* cpu.c */ = {isa = PBXFileReference; fileEncoding = 4; lastKnownFileType = sourcecode.c.c; name = cpu.c; path = Vendors/libwebp/src/dsp/cpu.c; sourceTree = "<group>"; };
		53EDFCC317625DB200698166 /* bit_reader.h */ = {isa = PBXFileReference; fileEncoding = 4; lastKnownFileType = sourcecode.c.h; name = bit_reader.h; path = Vendors/libwebp/src/utils/bit_reader.h; sourceTree = "<group>"; };
		53EDFCC417625DB200698166 /* bit_reader.c */ = {isa = PBXFileReference; fileEncoding = 4; lastKnownFileType = sourcecode.c.c; name = bit_reader.c; path = Vendors/libwebp/src/utils/bit_reader.c; sourceTree = "<group>"; };
		53EDFCC917625DD700698166 /* color_cache.h */ = {isa = PBXFileReference; fileEncoding = 4; lastKnownFileType = sourcecode.c.h; name = color_cache.h; path = Vendors/libwebp/src/utils/color_cache.h; sourceTree = "<group>"; };
		53EDFCCA17625DD700698166 /* color_cache.c */ = {isa = PBXFileReference; fileEncoding = 4; lastKnownFileType = sourcecode.c.c; name = color_cache.c; path = Vendors/libwebp/src/utils/color_cache.c; sourceTree = "<group>"; };
		53EDFCCF17625DFA00698166 /* lossless.h */ = {isa = PBXFileReference; fileEncoding = 4; lastKnownFileType = sourcecode.c.h; name = lossless.h; path = Vendors/libwebp/src/dsp/lossless.h; sourceTree = "<group>"; };
		53EDFCD017625DFA00698166 /* lossless.c */ = {isa = PBXFileReference; fileEncoding = 4; lastKnownFileType = sourcecode.c.c; name = lossless.c; path = Vendors/libwebp/src/dsp/lossless.c; sourceTree = "<group>"; };
		53EDFCD517625E1A00698166 /* tree.c */ = {isa = PBXFileReference; fileEncoding = 4; lastKnownFileType = sourcecode.c.c; name = tree.c; path = Vendors/libwebp/src/dec/tree.c; sourceTree = "<group>"; };
		53EDFCD817625E3000698166 /* quant.c */ = {isa = PBXFileReference; fileEncoding = 4; lastKnownFileType = sourcecode.c.c; name = quant.c; path = Vendors/libwebp/src/dec/quant.c; sourceTree = "<group>"; };
		53EDFCDB17625E6000698166 /* buffer.c */ = {isa = PBXFileReference; fileEncoding = 4; lastKnownFileType = sourcecode.c.c; name = buffer.c; path = Vendors/libwebp/src/dec/buffer.c; sourceTree = "<group>"; };
		53EDFCDE17625E8D00698166 /* upsampling.c */ = {isa = PBXFileReference; fileEncoding = 4; lastKnownFileType = sourcecode.c.c; name = upsampling.c; path = Vendors/libwebp/src/dsp/upsampling.c; sourceTree = "<group>"; };
		53EDFCE117625EB100698166 /* yuv.h */ = {isa = PBXFileReference; fileEncoding = 4; lastKnownFileType = sourcecode.c.h; name = yuv.h; path = Vendors/libwebp/src/dsp/yuv.h; sourceTree = "<group>"; };
		53EDFCE217625EB100698166 /* yuv.c */ = {isa = PBXFileReference; fileEncoding = 4; lastKnownFileType = sourcecode.c.c; name = yuv.c; path = Vendors/libwebp/src/dsp/yuv.c; sourceTree = "<group>"; };
		53EDFCE717625EC800698166 /* io.c */ = {isa = PBXFileReference; fileEncoding = 4; lastKnownFileType = sourcecode.c.c; name = io.c; path = Vendors/libwebp/src/dec/io.c; sourceTree = "<group>"; };
		53EDFCEA17625EE200698166 /* upsampling_sse2.c */ = {isa = PBXFileReference; fileEncoding = 4; lastKnownFileType = sourcecode.c.c; name = upsampling_sse2.c; path = Vendors/libwebp/src/dsp/upsampling_sse2.c; sourceTree = "<group>"; };
		53EDFCED17625F1D00698166 /* rescaler.h */ = {isa = PBXFileReference; fileEncoding = 4; lastKnownFileType = sourcecode.c.h; name = rescaler.h; path = Vendors/libwebp/src/utils/rescaler.h; sourceTree = "<group>"; };
		53EDFCEE17625F1D00698166 /* rescaler.c */ = {isa = PBXFileReference; fileEncoding = 4; lastKnownFileType = sourcecode.c.c; name = rescaler.c; path = Vendors/libwebp/src/utils/rescaler.c; sourceTree = "<group>"; };
		53EDFCF317625F4100698166 /* utils.h */ = {isa = PBXFileReference; fileEncoding = 4; lastKnownFileType = sourcecode.c.h; name = utils.h; path = Vendors/libwebp/src/utils/utils.h; sourceTree = "<group>"; };
		53EDFCF417625F4100698166 /* utils.c */ = {isa = PBXFileReference; fileEncoding = 4; lastKnownFileType = sourcecode.c.c; name = utils.c; path = Vendors/libwebp/src/utils/utils.c; sourceTree = "<group>"; };
		53EDFCF917625F5F00698166 /* filters.h */ = {isa = PBXFileReference; fileEncoding = 4; lastKnownFileType = sourcecode.c.h; name = filters.h; path = Vendors/libwebp/src/utils/filters.h; sourceTree = "<group>"; };
		53EDFCFA17625F5F00698166 /* filters.c */ = {isa = PBXFileReference; fileEncoding = 4; lastKnownFileType = sourcecode.c.c; name = filters.c; path = Vendors/libwebp/src/utils/filters.c; sourceTree = "<group>"; };
		53EDFCFF17625F7900698166 /* thread.h */ = {isa = PBXFileReference; fileEncoding = 4; lastKnownFileType = sourcecode.c.h; name = thread.h; path = Vendors/libwebp/src/utils/thread.h; sourceTree = "<group>"; };
		53EDFD0017625F7900698166 /* thread.c */ = {isa = PBXFileReference; fileEncoding = 4; lastKnownFileType = sourcecode.c.c; name = thread.c; path = Vendors/libwebp/src/utils/thread.c; sourceTree = "<group>"; };
		53FB893F14D35D1A0020B787 /* CoreGraphics.framework */ = {isa = PBXFileReference; lastKnownFileType = wrapper.framework; name = CoreGraphics.framework; path = System/Library/Frameworks/CoreGraphics.framework; sourceTree = SDKROOT; };
		53FB894814D35E9E0020B787 /* UIKit.framework */ = {isa = PBXFileReference; lastKnownFileType = wrapper.framework; name = UIKit.framework; path = System/Library/Frameworks/UIKit.framework; sourceTree = SDKROOT; };
		A18A6CC5172DC28500419892 /* UIImage+GIF.h */ = {isa = PBXFileReference; fileEncoding = 4; lastKnownFileType = sourcecode.c.h; path = "UIImage+GIF.h"; sourceTree = "<group>"; };
		A18A6CC6172DC28500419892 /* UIImage+GIF.m */ = {isa = PBXFileReference; fileEncoding = 4; lastKnownFileType = sourcecode.c.objc; path = "UIImage+GIF.m"; sourceTree = "<group>"; };
		A18A6CCB172DC33A00419892 /* NSData+GIF.h */ = {isa = PBXFileReference; fileEncoding = 4; lastKnownFileType = sourcecode.c.h; path = "NSData+GIF.h"; sourceTree = "<group>"; };
		A18A6CCC172DC33A00419892 /* NSData+GIF.m */ = {isa = PBXFileReference; fileEncoding = 4; lastKnownFileType = sourcecode.c.objc; path = "NSData+GIF.m"; sourceTree = "<group>"; };
/* End PBXFileReference section */

/* Begin PBXFrameworksBuildPhase section */
		531041CC157EAFA400BBABC3 /* Frameworks */ = {
			isa = PBXFrameworksBuildPhase;
			buildActionMask = 2147483647;
			files = (
				531041CD157EAFA400BBABC3 /* UIKit.framework in Frameworks */,
				531041CE157EAFA400BBABC3 /* Foundation.framework in Frameworks */,
				531041CF157EAFA400BBABC3 /* CoreGraphics.framework in Frameworks */,
			);
			runOnlyForDeploymentPostprocessing = 0;
		};
		53761311155AD0D5005750A4 /* Frameworks */ = {
			isa = PBXFrameworksBuildPhase;
			buildActionMask = 2147483647;
			files = (
				53761312155AD0D5005750A4 /* UIKit.framework in Frameworks */,
				53761313155AD0D5005750A4 /* Foundation.framework in Frameworks */,
				53761314155AD0D5005750A4 /* CoreGraphics.framework in Frameworks */,
			);
			runOnlyForDeploymentPostprocessing = 0;
		};
/* End PBXFrameworksBuildPhase section */

/* Begin PBXGroup section */
		53922D64148C55810056699D = {
			isa = PBXGroup;
			children = (
				53922D74148C55820056699D /* SDWebImage */,
				53922D71148C55820056699D /* Frameworks */,
				53922D70148C55820056699D /* Products */,
			);
			sourceTree = "<group>";
			usesTabs = 0;
		};
		53922D70148C55820056699D /* Products */ = {
			isa = PBXGroup;
			children = (
				53761325155AD0D5005750A4 /* libSDWebImage.a */,
				531041E0157EAFA400BBABC3 /* libSDWebImage+MKAnnotation.a */,
			);
			name = Products;
			sourceTree = "<group>";
		};
		53922D71148C55820056699D /* Frameworks */ = {
			isa = PBXGroup;
			children = (
				53EDFBE417625A2800698166 /* WebP */,
				53FB893F14D35D1A0020B787 /* CoreGraphics.framework */,
				53922D72148C55820056699D /* Foundation.framework */,
				53FB894814D35E9E0020B787 /* UIKit.framework */,
			);
			name = Frameworks;
			sourceTree = "<group>";
		};
		53922D74148C55820056699D /* SDWebImage */ = {
			isa = PBXGroup;
			children = (
				53922D88148C56230056699D /* SDWebImageCompat.h */,
				5340674F167780C40042B59E /* SDWebImageCompat.m */,
				530E49E71646388E002868E7 /* SDWebImageOperation.h */,
				53922DAB148C56810056699D /* Downloader */,
				53922DAA148C56470056699D /* Cache */,
				53922DAC148C56DD0056699D /* Utils */,
				53922DA9148C562D0056699D /* Categories */,
			);
			path = SDWebImage;
			sourceTree = "<group>";
		};
		53922DA9148C562D0056699D /* Categories */ = {
			isa = PBXGroup;
			children = (
				53EDFB8817623F7C00698166 /* UIImage+MultiFormat.h */,
				53EDFB8917623F7C00698166 /* UIImage+MultiFormat.m */,
				A18A6CCB172DC33A00419892 /* NSData+GIF.h */,
				A18A6CCC172DC33A00419892 /* NSData+GIF.m */,
				A18A6CC5172DC28500419892 /* UIImage+GIF.h */,
				A18A6CC6172DC28500419892 /* UIImage+GIF.m */,
				53EDFB911762547C00698166 /* UIImage+WebP.h */,
				53EDFB921762547C00698166 /* UIImage+WebP.m */,
				535699B415113E7300A4C397 /* MKAnnotationView+WebCache.h */,
				535699B515113E7300A4C397 /* MKAnnotationView+WebCache.m */,
				53922D93148C56230056699D /* UIButton+WebCache.h */,
				53922D94148C56230056699D /* UIButton+WebCache.m */,
				53922D95148C56230056699D /* UIImageView+WebCache.h */,
				53922D96148C56230056699D /* UIImageView+WebCache.m */,
			);
			name = Categories;
			sourceTree = "<group>";
		};
		53922DAA148C56470056699D /* Cache */ = {
			isa = PBXGroup;
			children = (
				53922D85148C56230056699D /* SDImageCache.h */,
				53922D86148C56230056699D /* SDImageCache.m */,
			);
			name = Cache;
			sourceTree = "<group>";
		};
		53922DAB148C56810056699D /* Downloader */ = {
			isa = PBXGroup;
			children = (
				53922D8B148C56230056699D /* SDWebImageDownloader.h */,
				53922D8C148C56230056699D /* SDWebImageDownloader.m */,
				530E49E316460AE2002868E7 /* SDWebImageDownloaderOperation.h */,
				530E49E416460AE2002868E7 /* SDWebImageDownloaderOperation.m */,
			);
			name = Downloader;
			sourceTree = "<group>";
		};
		53922DAC148C56DD0056699D /* Utils */ = {
			isa = PBXGroup;
			children = (
				53922D8E148C56230056699D /* SDWebImageManager.h */,
				53922D8F148C56230056699D /* SDWebImageManager.m */,
				53922D89148C56230056699D /* SDWebImageDecoder.h */,
				53922D8A148C56230056699D /* SDWebImageDecoder.m */,
				53922D91148C56230056699D /* SDWebImagePrefetcher.h */,
				53922D92148C56230056699D /* SDWebImagePrefetcher.m */,
			);
			name = Utils;
			sourceTree = "<group>";
		};
		53EDFBE417625A2800698166 /* WebP */ = {
			isa = PBXGroup;
			children = (
				53EDFCB617625D1200698166 /* dsp */,
				53EDFCA317625C4600698166 /* util */,
				53EDFCA217625C3C00698166 /* dec */,
			);
			name = WebP;
			sourceTree = "<group>";
		};
		53EDFCA217625C3C00698166 /* dec */ = {
			isa = PBXGroup;
			children = (
				53EDFCE717625EC800698166 /* io.c */,
				53EDFCDB17625E6000698166 /* buffer.c */,
				53EDFCD817625E3000698166 /* quant.c */,
				53EDFCD517625E1A00698166 /* tree.c */,
				53EDFCAD17625CA600698166 /* alpha.c */,
				53EDFCAA17625C8700698166 /* frame.c */,
				53EDFC9017625BE300698166 /* webpi.h */,
				53EDFC9117625BE300698166 /* webp.c */,
				53EDFC9617625C1100698166 /* vp8li.h */,
				53EDFC9717625C1100698166 /* vp8l.c */,
				53EDFC9817625C1100698166 /* vp8i.h */,
				53EDFC9917625C1100698166 /* vp8.c */,
			);
			name = dec;
			sourceTree = "<group>";
		};
		53EDFCA317625C4600698166 /* util */ = {
			isa = PBXGroup;
			children = (
				53EDFCFF17625F7900698166 /* thread.h */,
				53EDFD0017625F7900698166 /* thread.c */,
				53EDFCF917625F5F00698166 /* filters.h */,
				53EDFCFA17625F5F00698166 /* filters.c */,
				53EDFCF317625F4100698166 /* utils.h */,
				53EDFCF417625F4100698166 /* utils.c */,
				53EDFCED17625F1D00698166 /* rescaler.h */,
				53EDFCEE17625F1D00698166 /* rescaler.c */,
				53EDFCC917625DD700698166 /* color_cache.h */,
				53EDFCCA17625DD700698166 /* color_cache.c */,
				53EDFCC317625DB200698166 /* bit_reader.h */,
				53EDFCC417625DB200698166 /* bit_reader.c */,
				53EDFCB017625CD800698166 /* quant_levels_dec.h */,
				53EDFCB117625CD800698166 /* quant_levels_dec.c */,
				53EDFCA417625C5B00698166 /* huffman.h */,
				53EDFCA517625C5B00698166 /* huffman.c */,
			);
			name = util;
			sourceTree = "<group>";
		};
		53EDFCB617625D1200698166 /* dsp */ = {
			isa = PBXGroup;
			children = (
				53EDFCEA17625EE200698166 /* upsampling_sse2.c */,
				53EDFCE117625EB100698166 /* yuv.h */,
				53EDFCE217625EB100698166 /* yuv.c */,
				53EDFCDE17625E8D00698166 /* upsampling.c */,
				53EDFCCF17625DFA00698166 /* lossless.h */,
				53EDFCD017625DFA00698166 /* lossless.c */,
				53EDFCB717625D1900698166 /* dsp.h */,
				53EDFCB817625D1900698166 /* dec.c */,
				53EDFCBD17625D3F00698166 /* dec_sse2.c */,
				53EDFCC017625D8400698166 /* cpu.c */,
			);
			name = dsp;
			sourceTree = "<group>";
		};
/* End PBXGroup section */

/* Begin PBXHeadersBuildPhase section */
		531041D0157EAFA400BBABC3 /* Headers */ = {
			isa = PBXHeadersBuildPhase;
			buildActionMask = 2147483647;
			files = (
				531041D1157EAFA400BBABC3 /* SDImageCache.h in Headers */,
				531041D3157EAFA400BBABC3 /* SDWebImageCompat.h in Headers */,
				531041D4157EAFA400BBABC3 /* SDWebImageDecoder.h in Headers */,
				531041D5157EAFA400BBABC3 /* SDWebImageDownloader.h in Headers */,
				531041D7157EAFA400BBABC3 /* SDWebImageManager.h in Headers */,
				531041D9157EAFA400BBABC3 /* SDWebImagePrefetcher.h in Headers */,
				531041DA157EAFA400BBABC3 /* UIButton+WebCache.h in Headers */,
				531041DB157EAFA400BBABC3 /* UIImageView+WebCache.h in Headers */,
				531041DC157EAFA400BBABC3 /* MKAnnotationView+WebCache.h in Headers */,
				530E49E916464C26002868E7 /* SDWebImageOperation.h in Headers */,
				530E49EB16464C7F002868E7 /* SDWebImageDownloaderOperation.h in Headers */,
				A18A6CC8172DC28500419892 /* UIImage+GIF.h in Headers */,
				A18A6CCE172DC33A00419892 /* NSData+GIF.h in Headers */,
				53EDFB8B17623F7C00698166 /* UIImage+MultiFormat.h in Headers */,
				53EDFB941762547D00698166 /* UIImage+WebP.h in Headers */,
				53EDFC9317625BE300698166 /* webpi.h in Headers */,
				53EDFC9B17625C1100698166 /* vp8li.h in Headers */,
				53EDFC9F17625C1100698166 /* vp8i.h in Headers */,
				53EDFCA717625C5B00698166 /* huffman.h in Headers */,
				53EDFCB317625CD800698166 /* quant_levels_dec.h in Headers */,
				53EDFCBA17625D1900698166 /* dsp.h in Headers */,
				53EDFCC617625DB200698166 /* bit_reader.h in Headers */,
				53EDFCCC17625DD700698166 /* color_cache.h in Headers */,
				53EDFCD217625DFA00698166 /* lossless.h in Headers */,
				53EDFCE417625EB100698166 /* yuv.h in Headers */,
				53EDFCF017625F1D00698166 /* rescaler.h in Headers */,
				53EDFCF617625F4100698166 /* utils.h in Headers */,
				53EDFCFC17625F5F00698166 /* filters.h in Headers */,
				53EDFD0217625F7900698166 /* thread.h in Headers */,
			);
			runOnlyForDeploymentPostprocessing = 0;
		};
		53761315155AD0D5005750A4 /* Headers */ = {
			isa = PBXHeadersBuildPhase;
			buildActionMask = 2147483647;
			files = (
				53761316155AD0D5005750A4 /* SDImageCache.h in Headers */,
				53761318155AD0D5005750A4 /* SDWebImageCompat.h in Headers */,
				53761319155AD0D5005750A4 /* SDWebImageDecoder.h in Headers */,
				5376131A155AD0D5005750A4 /* SDWebImageDownloader.h in Headers */,
				5376131C155AD0D5005750A4 /* SDWebImageManager.h in Headers */,
				5376131E155AD0D5005750A4 /* SDWebImagePrefetcher.h in Headers */,
				5376131F155AD0D5005750A4 /* UIButton+WebCache.h in Headers */,
				53761320155AD0D5005750A4 /* UIImageView+WebCache.h in Headers */,
				530E49E816464C25002868E7 /* SDWebImageOperation.h in Headers */,
				530E49EA16464C7C002868E7 /* SDWebImageDownloaderOperation.h in Headers */,
				A18A6CC7172DC28500419892 /* UIImage+GIF.h in Headers */,
				A18A6CCD172DC33A00419892 /* NSData+GIF.h in Headers */,
				53EDFB8A17623F7C00698166 /* UIImage+MultiFormat.h in Headers */,
				53EDFB931762547D00698166 /* UIImage+WebP.h in Headers */,
				53EDFC9217625BE300698166 /* webpi.h in Headers */,
				53EDFC9A17625C1100698166 /* vp8li.h in Headers */,
				53EDFC9E17625C1100698166 /* vp8i.h in Headers */,
				53EDFCA617625C5B00698166 /* huffman.h in Headers */,
				53EDFCB217625CD800698166 /* quant_levels_dec.h in Headers */,
				53EDFCB917625D1900698166 /* dsp.h in Headers */,
				53EDFCC517625DB200698166 /* bit_reader.h in Headers */,
				53EDFCCB17625DD700698166 /* color_cache.h in Headers */,
				53EDFCD117625DFA00698166 /* lossless.h in Headers */,
				53EDFCE317625EB100698166 /* yuv.h in Headers */,
				53EDFCEF17625F1D00698166 /* rescaler.h in Headers */,
				53EDFCF517625F4100698166 /* utils.h in Headers */,
				53EDFCFB17625F5F00698166 /* filters.h in Headers */,
				53EDFD0117625F7900698166 /* thread.h in Headers */,
			);
			runOnlyForDeploymentPostprocessing = 0;
		};
/* End PBXHeadersBuildPhase section */

/* Begin PBXNativeTarget section */
		531041C2157EAFA400BBABC3 /* SDWebImage+MKAnnotation */ = {
			isa = PBXNativeTarget;
			buildConfigurationList = 531041DD157EAFA400BBABC3 /* Build configuration list for PBXNativeTarget "SDWebImage+MKAnnotation" */;
			buildPhases = (
				531041C3157EAFA400BBABC3 /* Sources */,
				531041CC157EAFA400BBABC3 /* Frameworks */,
				531041D0157EAFA400BBABC3 /* Headers */,
			);
			buildRules = (
			);
			dependencies = (
			);
			name = "SDWebImage+MKAnnotation";
			productName = SDWebImage;
			productReference = 531041E0157EAFA400BBABC3 /* libSDWebImage+MKAnnotation.a */;
			productType = "com.apple.product-type.library.static";
		};
		53761307155AD0D5005750A4 /* SDWebImage */ = {
			isa = PBXNativeTarget;
			buildConfigurationList = 53761322155AD0D5005750A4 /* Build configuration list for PBXNativeTarget "SDWebImage" */;
			buildPhases = (
				53761308155AD0D5005750A4 /* Sources */,
				53761311155AD0D5005750A4 /* Frameworks */,
				53761315155AD0D5005750A4 /* Headers */,
				539F912A16316D0500160719 /* Prepare Framework */,
			);
			buildRules = (
			);
			dependencies = (
			);
			name = SDWebImage;
			productName = SDWebImage;
			productReference = 53761325155AD0D5005750A4 /* libSDWebImage.a */;
			productType = "com.apple.product-type.library.static";
		};
/* End PBXNativeTarget section */

/* Begin PBXProject section */
		53922D66148C55810056699D /* Project object */ = {
			isa = PBXProject;
			attributes = {
				LastUpgradeCheck = 0460;
				ORGANIZATIONNAME = Dailymotion;
			};
			buildConfigurationList = 53922D69148C55810056699D /* Build configuration list for PBXProject "SDWebImage" */;
			compatibilityVersion = "Xcode 3.2";
			developmentRegion = English;
			hasScannedForEncodings = 0;
			knownRegions = (
				en,
			);
			mainGroup = 53922D64148C55810056699D;
			productRefGroup = 53922D70148C55820056699D /* Products */;
			projectDirPath = "";
			projectRoot = "";
			targets = (
				53761307155AD0D5005750A4 /* SDWebImage */,
				531041C2157EAFA400BBABC3 /* SDWebImage+MKAnnotation */,
				539F912B16316D2D00160719 /* SDWebImageFramework */,
			);
		};
/* End PBXProject section */

/* Begin PBXShellScriptBuildPhase section */
		539F912A16316D0500160719 /* Prepare Framework */ = {
			isa = PBXShellScriptBuildPhase;
			buildActionMask = 2147483647;
			files = (
			);
			inputPaths = (
			);
			name = "Prepare Framework";
			outputPaths = (
			);
			runOnlyForDeploymentPostprocessing = 0;
			shellPath = /bin/sh;
			shellScript = "set -e\n\nmkdir -p \"${BUILT_PRODUCTS_DIR}/${PRODUCT_NAME}.framework/Versions/A/Headers\"\n\n# Link the \"Current\" version to \"A\"\n/bin/ln -sfh A \"${BUILT_PRODUCTS_DIR}/${PRODUCT_NAME}.framework/Versions/Current\"\n/bin/ln -sfh Versions/Current/Headers \"${BUILT_PRODUCTS_DIR}/${PRODUCT_NAME}.framework/Headers\"\n/bin/ln -sfh \"Versions/Current/${PRODUCT_NAME}\" \"${BUILT_PRODUCTS_DIR}/${PRODUCT_NAME}.framework/${PRODUCT_NAME}\"\n\n# The -a ensures that the headers maintain the source modification date so that we don't constantly\n# cause propagating rebuilds of files that import these headers.\n/bin/cp -a \"${TARGET_BUILD_DIR}/${PUBLIC_HEADERS_FOLDER_PATH}/\" \"${BUILT_PRODUCTS_DIR}/${PRODUCT_NAME}.framework/Versions/A/Headers\"\n";
		};
		539F913116316D7A00160719 /* Build Framework */ = {
			isa = PBXShellScriptBuildPhase;
			buildActionMask = 2147483647;
			files = (
			);
			inputPaths = (
			);
			name = "Build Framework";
			outputPaths = (
			);
			runOnlyForDeploymentPostprocessing = 0;
			shellPath = /bin/sh;
			shellScript = "set -e\nset +u\n# Avoid recursively calling this script.\nif [[ $SF_MASTER_SCRIPT_RUNNING ]]\nthen\n    exit 0\nfi\nset -u\nexport SF_MASTER_SCRIPT_RUNNING=1\n\nSF_TARGET_NAME=\"SDWebImage\"\nSF_EXECUTABLE_PATH=\"lib${SF_TARGET_NAME}.a\"\nSF_WRAPPER_NAME=\"${SF_TARGET_NAME}.framework\"\n\n# The following conditionals come from\n# https://github.com/kstenerud/iOS-Universal-Framework\n\nif [[ \"$SDK_NAME\" =~ ([A-Za-z]+) ]]\nthen\n    SF_SDK_PLATFORM=${BASH_REMATCH[1]}\nelse\n    echo \"Could not find platform name from SDK_NAME: $SDK_NAME\"\n    exit 1\nfi\n\nif [[ \"$SDK_NAME\" =~ ([0-9]+.*$) ]]\nthen\n    SF_SDK_VERSION=${BASH_REMATCH[1]}\nelse\n    echo \"Could not find sdk version from SDK_NAME: $SDK_NAME\"\n    exit 1\nfi\n\nif [[ \"$SF_SDK_PLATFORM\" = \"iphoneos\" ]]\nthen\n    SF_OTHER_PLATFORM=iphonesimulator\nelse\n    SF_OTHER_PLATFORM=iphoneos\nfi\n\nif [[ \"$BUILT_PRODUCTS_DIR\" =~ (.*)$SF_SDK_PLATFORM$ ]]\nthen\n    SF_OTHER_BUILT_PRODUCTS_DIR=\"${BASH_REMATCH[1]}${SF_OTHER_PLATFORM}\"\nelse\n    echo \"Could not find platform name from build products directory: $BUILT_PRODUCTS_DIR\"\n    exit 1\nfi\n\n# Build the other platform.\nxcodebuild -project \"${PROJECT_FILE_PATH}\" -target \"${TARGET_NAME}\" -configuration \"${CONFIGURATION}\" -sdk ${SF_OTHER_PLATFORM}${SF_SDK_VERSION} BUILD_DIR=\"${BUILD_DIR}\" OBJROOT=\"${OBJROOT}\" BUILD_ROOT=\"${BUILD_ROOT}\" SYMROOT=\"${SYMROOT}\" $ACTION\n\n# Smash the two static libraries into one fat binary and store it in the .framework\nlipo -create \"${BUILT_PRODUCTS_DIR}/${SF_EXECUTABLE_PATH}\" \"${SF_OTHER_BUILT_PRODUCTS_DIR}/${SF_EXECUTABLE_PATH}\" -output \"${BUILT_PRODUCTS_DIR}/${SF_WRAPPER_NAME}/Versions/A/${SF_TARGET_NAME}\"\n\n# Copy the binary to the other architecture folder to have a complete framework in both.\ncp -a \"${BUILT_PRODUCTS_DIR}/${SF_WRAPPER_NAME}/Versions/A/${SF_TARGET_NAME}\" \"${SF_OTHER_BUILT_PRODUCTS_DIR}/${SF_WRAPPER_NAME}/Versions/A/${SF_TARGET_NAME}\"\n";
		};
/* End PBXShellScriptBuildPhase section */

/* Begin PBXSourcesBuildPhase section */
		531041C3157EAFA400BBABC3 /* Sources */ = {
			isa = PBXSourcesBuildPhase;
			buildActionMask = 2147483647;
			files = (
				531041C4157EAFA400BBABC3 /* SDImageCache.m in Sources */,
				531041C5157EAFA400BBABC3 /* SDWebImageDecoder.m in Sources */,
				531041C6157EAFA400BBABC3 /* SDWebImageDownloader.m in Sources */,
				531041C7157EAFA400BBABC3 /* SDWebImageManager.m in Sources */,
				531041C8157EAFA400BBABC3 /* SDWebImagePrefetcher.m in Sources */,
				531041C9157EAFA400BBABC3 /* UIButton+WebCache.m in Sources */,
				531041CA157EAFA400BBABC3 /* UIImageView+WebCache.m in Sources */,
				531041CB157EAFA400BBABC3 /* MKAnnotationView+WebCache.m in Sources */,
				530E49ED16464C84002868E7 /* SDWebImageDownloaderOperation.m in Sources */,
				A18A6CCA172DC28500419892 /* UIImage+GIF.m in Sources */,
				A18A6CD0172DC33A00419892 /* NSData+GIF.m in Sources */,
				53EDFB8D17623F7C00698166 /* UIImage+MultiFormat.m in Sources */,
				53EDFB961762547D00698166 /* UIImage+WebP.m in Sources */,
				53EDFC9517625BE300698166 /* webp.c in Sources */,
				53EDFC9D17625C1100698166 /* vp8l.c in Sources */,
				53EDFCA117625C1100698166 /* vp8.c in Sources */,
				53EDFCA917625C5B00698166 /* huffman.c in Sources */,
				53EDFCAC17625C8700698166 /* frame.c in Sources */,
				53EDFCAF17625CA600698166 /* alpha.c in Sources */,
				53EDFCB517625CD800698166 /* quant_levels_dec.c in Sources */,
				53EDFCBC17625D1900698166 /* dec.c in Sources */,
				53EDFCBF17625D3F00698166 /* dec_sse2.c in Sources */,
				53EDFCC217625D8400698166 /* cpu.c in Sources */,
				53EDFCC817625DB200698166 /* bit_reader.c in Sources */,
				53EDFCCE17625DD700698166 /* color_cache.c in Sources */,
				53EDFCD417625DFA00698166 /* lossless.c in Sources */,
				53EDFCD717625E1A00698166 /* tree.c in Sources */,
				53EDFCDA17625E3000698166 /* quant.c in Sources */,
				53EDFCDD17625E6000698166 /* buffer.c in Sources */,
				53EDFCE017625E8D00698166 /* upsampling.c in Sources */,
				53EDFCE617625EB100698166 /* yuv.c in Sources */,
				53EDFCE917625EC800698166 /* io.c in Sources */,
				53EDFCEC17625EE200698166 /* upsampling_sse2.c in Sources */,
				53EDFCF217625F1D00698166 /* rescaler.c in Sources */,
				53EDFCF817625F4100698166 /* utils.c in Sources */,
				53EDFCFE17625F5F00698166 /* filters.c in Sources */,
				53EDFD0417625F7900698166 /* thread.c in Sources */,
			);
			runOnlyForDeploymentPostprocessing = 0;
		};
		53761308155AD0D5005750A4 /* Sources */ = {
			isa = PBXSourcesBuildPhase;
			buildActionMask = 2147483647;
			files = (
				53761309155AD0D5005750A4 /* SDImageCache.m in Sources */,
				5376130A155AD0D5005750A4 /* SDWebImageDecoder.m in Sources */,
				5376130B155AD0D5005750A4 /* SDWebImageDownloader.m in Sources */,
				5376130C155AD0D5005750A4 /* SDWebImageManager.m in Sources */,
				5376130D155AD0D5005750A4 /* SDWebImagePrefetcher.m in Sources */,
				5376130E155AD0D5005750A4 /* UIButton+WebCache.m in Sources */,
				5376130F155AD0D5005750A4 /* UIImageView+WebCache.m in Sources */,
				530E49EC16464C84002868E7 /* SDWebImageDownloaderOperation.m in Sources */,
				53406750167780C40042B59E /* SDWebImageCompat.m in Sources */,
				A18A6CC9172DC28500419892 /* UIImage+GIF.m in Sources */,
				A18A6CCF172DC33A00419892 /* NSData+GIF.m in Sources */,
				53EDFB8C17623F7C00698166 /* UIImage+MultiFormat.m in Sources */,
				53EDFB951762547D00698166 /* UIImage+WebP.m in Sources */,
				53EDFC9417625BE300698166 /* webp.c in Sources */,
				53EDFC9C17625C1100698166 /* vp8l.c in Sources */,
				53EDFCA017625C1100698166 /* vp8.c in Sources */,
				53EDFCA817625C5B00698166 /* huffman.c in Sources */,
				53EDFCAB17625C8700698166 /* frame.c in Sources */,
				53EDFCAE17625CA600698166 /* alpha.c in Sources */,
				53EDFCB417625CD800698166 /* quant_levels_dec.c in Sources */,
				53EDFCBB17625D1900698166 /* dec.c in Sources */,
				53EDFCBE17625D3F00698166 /* dec_sse2.c in Sources */,
				53EDFCC117625D8400698166 /* cpu.c in Sources */,
				53EDFCC717625DB200698166 /* bit_reader.c in Sources */,
				53EDFCCD17625DD700698166 /* color_cache.c in Sources */,
				53EDFCD317625DFA00698166 /* lossless.c in Sources */,
				53EDFCD617625E1A00698166 /* tree.c in Sources */,
				53EDFCD917625E3000698166 /* quant.c in Sources */,
				53EDFCDC17625E6000698166 /* buffer.c in Sources */,
				53EDFCDF17625E8D00698166 /* upsampling.c in Sources */,
				53EDFCE517625EB100698166 /* yuv.c in Sources */,
				53EDFCE817625EC800698166 /* io.c in Sources */,
				53EDFCEB17625EE200698166 /* upsampling_sse2.c in Sources */,
				53EDFCF117625F1D00698166 /* rescaler.c in Sources */,
				53EDFCF717625F4100698166 /* utils.c in Sources */,
				53EDFCFD17625F5F00698166 /* filters.c in Sources */,
				53EDFD0317625F7900698166 /* thread.c in Sources */,
			);
			runOnlyForDeploymentPostprocessing = 0;
		};
/* End PBXSourcesBuildPhase section */

/* Begin PBXTargetDependency section */
		539F913016316D3700160719 /* PBXTargetDependency */ = {
			isa = PBXTargetDependency;
			target = 53761307155AD0D5005750A4 /* SDWebImage */;
			targetProxy = 539F912F16316D3700160719 /* PBXContainerItemProxy */;
		};
/* End PBXTargetDependency section */

/* Begin XCBuildConfiguration section */
		531041DE157EAFA400BBABC3 /* Debug */ = {
			isa = XCBuildConfiguration;
			buildSettings = {
				CLANG_ENABLE_OBJC_ARC = YES;
				COPY_PHASE_STRIP = NO;
				DEAD_CODE_STRIPPING = NO;
				DSTROOT = /tmp/SDWebImage.dst;
				FRAMEWORK_SEARCH_PATHS = (
					"$(inherited)",
					"\"$(SRCROOT)\"",
				);
				GCC_PRECOMPILE_PREFIX_HEADER = YES;
				GCC_PREFIX_HEADER = "";
				INSTALL_PATH = "$(BUILT_PRODUCTS_DIR)";
				IPHONEOS_DEPLOYMENT_TARGET = 5.0;
				OTHER_LDFLAGS = "-ObjC";
				PRODUCT_NAME = "SDWebImage+MKAnnotation";
				SKIP_INSTALL = YES;
				STRIP_STYLE = "non-global";
			};
			name = Debug;
		};
		531041DF157EAFA400BBABC3 /* Release */ = {
			isa = XCBuildConfiguration;
			buildSettings = {
				CLANG_ENABLE_OBJC_ARC = YES;
				COPY_PHASE_STRIP = NO;
				DEAD_CODE_STRIPPING = NO;
				DSTROOT = /tmp/SDWebImage.dst;
				FRAMEWORK_SEARCH_PATHS = (
					"$(inherited)",
					"\"$(SRCROOT)\"",
				);
				GCC_PRECOMPILE_PREFIX_HEADER = YES;
				GCC_PREFIX_HEADER = "";
				INSTALL_PATH = "$(BUILT_PRODUCTS_DIR)";
				IPHONEOS_DEPLOYMENT_TARGET = 5.0;
				OTHER_LDFLAGS = "-ObjC";
				PRODUCT_NAME = "SDWebImage+MKAnnotation";
				SKIP_INSTALL = YES;
				STRIP_STYLE = "non-global";
			};
			name = Release;
		};
		53761323155AD0D5005750A4 /* Debug */ = {
			isa = XCBuildConfiguration;
			buildSettings = {
				CLANG_ENABLE_OBJC_ARC = YES;
				COPY_PHASE_STRIP = NO;
				DEAD_CODE_STRIPPING = NO;
				DSTROOT = /tmp/SDWebImage.dst;
				FRAMEWORK_SEARCH_PATHS = (
					"$(inherited)",
					"\"$(SRCROOT)\"",
				);
				GCC_PRECOMPILE_PREFIX_HEADER = YES;
				GCC_PREFIX_HEADER = "";
				INSTALL_PATH = "$(BUILT_PRODUCTS_DIR)";
				IPHONEOS_DEPLOYMENT_TARGET = 5.0;
				OTHER_LDFLAGS = "-ObjC";
				PRODUCT_NAME = SDWebImage;
				SKIP_INSTALL = YES;
				STRIP_STYLE = debugging;
			};
			name = Debug;
		};
		53761324155AD0D5005750A4 /* Release */ = {
			isa = XCBuildConfiguration;
			buildSettings = {
				CLANG_ENABLE_OBJC_ARC = YES;
				COPY_PHASE_STRIP = NO;
				DEAD_CODE_STRIPPING = NO;
				DSTROOT = /tmp/SDWebImage.dst;
				FRAMEWORK_SEARCH_PATHS = (
					"$(inherited)",
					"\"$(SRCROOT)\"",
				);
				GCC_PRECOMPILE_PREFIX_HEADER = YES;
				GCC_PREFIX_HEADER = "";
				INSTALL_PATH = "$(BUILT_PRODUCTS_DIR)";
				IPHONEOS_DEPLOYMENT_TARGET = 5.0;
				OTHER_LDFLAGS = "-ObjC";
				PRODUCT_NAME = SDWebImage;
				SKIP_INSTALL = YES;
				STRIP_STYLE = debugging;
			};
			name = Release;
		};
		53922D7A148C55820056699D /* Debug */ = {
			isa = XCBuildConfiguration;
			buildSettings = {
				ALWAYS_SEARCH_USER_PATHS = NO;
				ARCHS = "$(ARCHS_STANDARD_32_BIT)";
				COPY_PHASE_STRIP = NO;
				GCC_DYNAMIC_NO_PIC = NO;
				GCC_OPTIMIZATION_LEVEL = 0;
				GCC_PREPROCESSOR_DEFINITIONS = (
					"DEBUG=1",
					"$(inherited)",
				);
				GCC_SYMBOLS_PRIVATE_EXTERN = NO;
				GCC_TREAT_WARNINGS_AS_ERRORS = YES;
				GCC_WARN_64_TO_32_BIT_CONVERSION = YES;
				GCC_WARN_ABOUT_MISSING_FIELD_INITIALIZERS = YES;
				GCC_WARN_ABOUT_MISSING_NEWLINE = YES;
				GCC_WARN_ABOUT_MISSING_PROTOTYPES = YES;
				GCC_WARN_ABOUT_RETURN_TYPE = YES;
				GCC_WARN_INITIALIZER_NOT_FULLY_BRACKETED = YES;
				GCC_WARN_SHADOW = YES;
				GCC_WARN_SIGN_COMPARE = YES;
				GCC_WARN_UNDECLARED_SELECTOR = YES;
				GCC_WARN_UNUSED_FUNCTION = YES;
				GCC_WARN_UNUSED_LABEL = YES;
				GCC_WARN_UNUSED_PARAMETER = NO;
				GCC_WARN_UNUSED_VARIABLE = YES;
				HEADER_SEARCH_PATHS = Vendors/libwebp/src;
				IPHONEOS_DEPLOYMENT_TARGET = 5.0;
				PUBLIC_HEADERS_FOLDER_PATH = include/SDWebImage;
				RUN_CLANG_STATIC_ANALYZER = YES;
				SDKROOT = iphoneos;
			};
			name = Debug;
		};
		53922D7B148C55820056699D /* Release */ = {
			isa = XCBuildConfiguration;
			buildSettings = {
				ALWAYS_SEARCH_USER_PATHS = NO;
				ARCHS = "$(ARCHS_STANDARD_32_BIT)";
				COPY_PHASE_STRIP = YES;
				GCC_TREAT_WARNINGS_AS_ERRORS = YES;
				GCC_WARN_64_TO_32_BIT_CONVERSION = YES;
				GCC_WARN_ABOUT_MISSING_FIELD_INITIALIZERS = YES;
				GCC_WARN_ABOUT_MISSING_NEWLINE = YES;
				GCC_WARN_ABOUT_MISSING_PROTOTYPES = YES;
				GCC_WARN_ABOUT_RETURN_TYPE = YES;
				GCC_WARN_INITIALIZER_NOT_FULLY_BRACKETED = YES;
				GCC_WARN_SHADOW = YES;
				GCC_WARN_SIGN_COMPARE = YES;
				GCC_WARN_UNDECLARED_SELECTOR = YES;
				GCC_WARN_UNUSED_FUNCTION = YES;
				GCC_WARN_UNUSED_LABEL = YES;
				GCC_WARN_UNUSED_PARAMETER = NO;
				GCC_WARN_UNUSED_VARIABLE = YES;
				HEADER_SEARCH_PATHS = Vendors/libwebp/src;
				IPHONEOS_DEPLOYMENT_TARGET = 5.0;
				PUBLIC_HEADERS_FOLDER_PATH = include/SDWebImage;
				RUN_CLANG_STATIC_ANALYZER = YES;
				SDKROOT = iphoneos;
				VALIDATE_PRODUCT = YES;
			};
			name = Release;
		};
		539F912D16316D2D00160719 /* Debug */ = {
			isa = XCBuildConfiguration;
			buildSettings = {
				PRODUCT_NAME = "$(TARGET_NAME)";
			};
			name = Debug;
		};
		539F912E16316D2D00160719 /* Release */ = {
			isa = XCBuildConfiguration;
			buildSettings = {
				PRODUCT_NAME = "$(TARGET_NAME)";
			};
			name = Release;
		};
/* End XCBuildConfiguration section */

/* Begin XCConfigurationList section */
		531041DD157EAFA400BBABC3 /* Build configuration list for PBXNativeTarget "SDWebImage+MKAnnotation" */ = {
			isa = XCConfigurationList;
			buildConfigurations = (
				531041DE157EAFA400BBABC3 /* Debug */,
				531041DF157EAFA400BBABC3 /* Release */,
			);
			defaultConfigurationIsVisible = 0;
			defaultConfigurationName = Release;
		};
		53761322155AD0D5005750A4 /* Build configuration list for PBXNativeTarget "SDWebImage" */ = {
			isa = XCConfigurationList;
			buildConfigurations = (
				53761323155AD0D5005750A4 /* Debug */,
				53761324155AD0D5005750A4 /* Release */,
			);
			defaultConfigurationIsVisible = 0;
			defaultConfigurationName = Release;
		};
		53922D69148C55810056699D /* Build configuration list for PBXProject "SDWebImage" */ = {
			isa = XCConfigurationList;
			buildConfigurations = (
				53922D7A148C55820056699D /* Debug */,
				53922D7B148C55820056699D /* Release */,
			);
			defaultConfigurationIsVisible = 0;
			defaultConfigurationName = Release;
		};
		539F912C16316D2D00160719 /* Build configuration list for PBXAggregateTarget "SDWebImageFramework" */ = {
			isa = XCConfigurationList;
			buildConfigurations = (
				539F912D16316D2D00160719 /* Debug */,
				539F912E16316D2D00160719 /* Release */,
			);
			defaultConfigurationIsVisible = 0;
			defaultConfigurationName = Release;
		};
/* End XCConfigurationList section */
	};
	rootObject = 53922D66148C55810056699D /* Project object */;
}
