
Microsoft Visual Studio Solution File, Format Version 11.00
# Visual Studio 2010
Project("{FAE04EC0-301F-11D3-BF4B-00C04F79EFBC}") = "SDWebImage", "SDWebImage\SDWebImage.csproj", "{D1657AD6-A89D-4E33-AC91-E38348088316}"
EndProject
Global
	GlobalSection(SolutionConfigurationPlatforms) = preSolution
		Debug|Any CPU = Debug|Any CPU
		Release|Any CPU = Release|Any CPU
	EndGlobalSection
	GlobalSection(ProjectConfigurationPlatforms) = postSolution
		{D1657AD6-A89D-4E33-AC91-E38348088316}.Debug|Any CPU.ActiveCfg = Debug|Any CPU
		{D1657AD6-A89D-4E33-AC91-E38348088316}.Debug|Any CPU.Build.0 = Debug|Any CPU
		{D1657AD6-A89D-4E33-AC91-E38348088316}.Release|Any CPU.ActiveCfg = Release|Any CPU
		{D1657AD6-A89D-4E33-AC91-E38348088316}.Release|Any CPU.Build.0 = Release|Any CPU
	EndGlobalSection
	GlobalSection(MonoDevelopProperties) = preSolution
		StartupItem = SDWebImage\SDWebImage.csproj
	EndGlobalSection
EndGlobal
